// !$*UTF8*$!
{
	archiveVersion = 1;
	classes = {
	};
	objectVersion = 50;
	objects = {

/* Begin PBXBuildFile section */
		9B91166F24A2DDF000429DC8 /* AppDelegate.m in Sources */ = {isa = PBXBuildFile; fileRef = 9B91166E24A2DDF000429DC8 /* AppDelegate.m */; };
		9B91167224A2DDF000429DC8 /* SceneDelegate.m in Sources */ = {isa = PBXBuildFile; fileRef = 9B91167124A2DDF000429DC8 /* SceneDelegate.m */; };
		9B91167524A2DDF000429DC8 /* ViewController.m in Sources */ = {isa = PBXBuildFile; fileRef = 9B91167424A2DDF000429DC8 /* ViewController.m */; };
		9B91167824A2DDF000429DC8 /* Main.storyboard in Resources */ = {isa = PBXBuildFile; fileRef = 9B91167624A2DDF000429DC8 /* Main.storyboard */; };
		9B91167A24A2DDF100429DC8 /* Assets.xcassets in Resources */ = {isa = PBXBuildFile; fileRef = 9B91167924A2DDF100429DC8 /* Assets.xcassets */; };
		9B91167D24A2DDF100429DC8 /* LaunchScreen.storyboard in Resources */ = {isa = PBXBuildFile; fileRef = 9B91167B24A2DDF100429DC8 /* LaunchScreen.storyboard */; };
		9B91168024A2DDF100429DC8 /* main.m in Sources */ = {isa = PBXBuildFile; fileRef = 9B91167F24A2DDF100429DC8 /* main.m */; };
		9B91168A24A2DDF100429DC8 /* TippyTests.m in Sources */ = {isa = PBXBuildFile; fileRef = 9B91168924A2DDF100429DC8 /* TippyTests.m */; };
		9B91169524A2DDF100429DC8 /* TippyUITests.m in Sources */ = {isa = PBXBuildFile; fileRef = 9B91169424A2DDF100429DC8 /* TippyUITests.m */; };
/* End PBXBuildFile section */

/* Begin PBXContainerItemProxy section */
		9B91168624A2DDF100429DC8 /* PBXContainerItemProxy */ = {
			isa = PBXContainerItemProxy;
			containerPortal = 9B91166224A2DDF000429DC8 /* Project object */;
			proxyType = 1;
			remoteGlobalIDString = 9B91166924A2DDF000429DC8;
			remoteInfo = Tippy;
		};
		9B91169124A2DDF100429DC8 /* PBXContainerItemProxy */ = {
			isa = PBXContainerItemProxy;
			containerPortal = 9B91166224A2DDF000429DC8 /* Project object */;
			proxyType = 1;
			remoteGlobalIDString = 9B91166924A2DDF000429DC8;
			remoteInfo = Tippy;
		};
/* End PBXContainerItemProxy section */

/* Begin PBXFileReference section */
		9B91166A24A2DDF000429DC8 /* Tippy.app */ = {isa = PBXFileReference; explicitFileType = wrapper.application; includeInIndex = 0; path = Tippy.app; sourceTree = BUILT_PRODUCTS_DIR; };
		9B91166D24A2DDF000429DC8 /* AppDelegate.h */ = {isa = PBXFileReference; lastKnownFileType = sourcecode.c.h; path = AppDelegate.h; sourceTree = "<group>"; };
		9B91166E24A2DDF000429DC8 /* AppDelegate.m */ = {isa = PBXFileReference; lastKnownFileType = sourcecode.c.objc; path = AppDelegate.m; sourceTree = "<group>"; };
		9B91167024A2DDF000429DC8 /* SceneDelegate.h */ = {isa = PBXFileReference; lastKnownFileType = sourcecode.c.h; path = SceneDelegate.h; sourceTree = "<group>"; };
		9B91167124A2DDF000429DC8 /* SceneDelegate.m */ = {isa = PBXFileReference; lastKnownFileType = sourcecode.c.objc; path = SceneDelegate.m; sourceTree = "<group>"; };
		9B91167324A2DDF000429DC8 /* ViewController.h */ = {isa = PBXFileReference; lastKnownFileType = sourcecode.c.h; path = ViewController.h; sourceTree = "<group>"; };
		9B91167424A2DDF000429DC8 /* ViewController.m */ = {isa = PBXFileReference; lastKnownFileType = sourcecode.c.objc; path = ViewController.m; sourceTree = "<group>"; };
		9B91167724A2DDF000429DC8 /* Base */ = {isa = PBXFileReference; lastKnownFileType = file.storyboard; name = Base; path = Base.lproj/Main.storyboard; sourceTree = "<group>"; };
		9B91167924A2DDF100429DC8 /* Assets.xcassets */ = {isa = PBXFileReference; lastKnownFileType = folder.assetcatalog; path = Assets.xcassets; sourceTree = "<group>"; };
		9B91167C24A2DDF100429DC8 /* Base */ = {isa = PBXFileReference; lastKnownFileType = file.storyboard; name = Base; path = Base.lproj/LaunchScreen.storyboard; sourceTree = "<group>"; };
		9B91167E24A2DDF100429DC8 /* Info.plist */ = {isa = PBXFileReference; lastKnownFileType = text.plist.xml; path = Info.plist; sourceTree = "<group>"; };
		9B91167F24A2DDF100429DC8 /* main.m */ = {isa = PBXFileReference; lastKnownFileType = sourcecode.c.objc; path = main.m; sourceTree = "<group>"; };
		9B91168524A2DDF100429DC8 /* TippyTests.xctest */ = {isa = PBXFileReference; explicitFileType = wrapper.cfbundle; includeInIndex = 0; path = TippyTests.xctest; sourceTree = BUILT_PRODUCTS_DIR; };
		9B91168924A2DDF100429DC8 /* TippyTests.m */ = {isa = PBXFileReference; lastKnownFileType = sourcecode.c.objc; path = TippyTests.m; sourceTree = "<group>"; };
		9B91168B24A2DDF100429DC8 /* Info.plist */ = {isa = PBXFileReference; lastKnownFileType = text.plist.xml; path = Info.plist; sourceTree = "<group>"; };
		9B91169024A2DDF100429DC8 /* TippyUITests.xctest */ = {isa = PBXFileReference; explicitFileType = wrapper.cfbundle; includeInIndex = 0; path = TippyUITests.xctest; sourceTree = BUILT_PRODUCTS_DIR; };
		9B91169424A2DDF100429DC8 /* TippyUITests.m */ = {isa = PBXFileReference; lastKnownFileType = sourcecode.c.objc; path = TippyUITests.m; sourceTree = "<group>"; };
		9B91169624A2DDF100429DC8 /* Info.plist */ = {isa = PBXFileReference; lastKnownFileType = text.plist.xml; path = Info.plist; sourceTree = "<group>"; };
/* End PBXFileReference section */

/* Begin PBXFrameworksBuildPhase section */
		9B91166724A2DDF000429DC8 /* Frameworks */ = {
			isa = PBXFrameworksBuildPhase;
			buildActionMask = 2147483647;
			files = (
			);
			runOnlyForDeploymentPostprocessing = 0;
		};
		9B91168224A2DDF100429DC8 /* Frameworks */ = {
			isa = PBXFrameworksBuildPhase;
			buildActionMask = 2147483647;
			files = (
			);
			runOnlyForDeploymentPostprocessing = 0;
		};
		9B91168D24A2DDF100429DC8 /* Frameworks */ = {
			isa = PBXFrameworksBuildPhase;
			buildActionMask = 2147483647;
			files = (
			);
			runOnlyForDeploymentPostprocessing = 0;
		};
/* End PBXFrameworksBuildPhase section */

/* Begin PBXGroup section */
		9B91166124A2DDF000429DC8 = {
			isa = PBXGroup;
			children = (
				9B91166C24A2DDF000429DC8 /* Tippy */,
				9B91168824A2DDF100429DC8 /* TippyTests */,
				9B91169324A2DDF100429DC8 /* TippyUITests */,
				9B91166B24A2DDF000429DC8 /* Products */,
			);
			sourceTree = "<group>";
		};
		9B91166B24A2DDF000429DC8 /* Products */ = {
			isa = PBXGroup;
			children = (
				9B91166A24A2DDF000429DC8 /* Tippy.app */,
				9B91168524A2DDF100429DC8 /* TippyTests.xctest */,
				9B91169024A2DDF100429DC8 /* TippyUITests.xctest */,
			);
			name = Products;
			sourceTree = "<group>";
		};
		9B91166C24A2DDF000429DC8 /* Tippy */ = {
			isa = PBXGroup;
			children = (
				9B91166D24A2DDF000429DC8 /* AppDelegate.h */,
				9B91166E24A2DDF000429DC8 /* AppDelegate.m */,
				9B91167024A2DDF000429DC8 /* SceneDelegate.h */,
				9B91167124A2DDF000429DC8 /* SceneDelegate.m */,
				9B91167324A2DDF000429DC8 /* ViewController.h */,
				9B91167424A2DDF000429DC8 /* ViewController.m */,
				9B91167624A2DDF000429DC8 /* Main.storyboard */,
				9B91167924A2DDF100429DC8 /* Assets.xcassets */,
				9B91167B24A2DDF100429DC8 /* LaunchScreen.storyboard */,
				9B91167E24A2DDF100429DC8 /* Info.plist */,
				9B91167F24A2DDF100429DC8 /* main.m */,
			);
			path = Tippy;
			sourceTree = "<group>";
		};
		9B91168824A2DDF100429DC8 /* TippyTests */ = {
			isa = PBXGroup;
			children = (
				9B91168924A2DDF100429DC8 /* TippyTests.m */,
				9B91168B24A2DDF100429DC8 /* Info.plist */,
			);
			path = TippyTests;
			sourceTree = "<group>";
		};
		9B91169324A2DDF100429DC8 /* TippyUITests */ = {
			isa = PBXGroup;
			children = (
				9B91169424A2DDF100429DC8 /* TippyUITests.m */,
				9B91169624A2DDF100429DC8 /* Info.plist */,
			);
			path = TippyUITests;
			sourceTree = "<group>";
		};
/* End PBXGroup section */

/* Begin PBXNativeTarget section */
		9B91166924A2DDF000429DC8 /* Tippy */ = {
			isa = PBXNativeTarget;
			buildConfigurationList = 9B91169924A2DDF100429DC8 /* Build configuration list for PBXNativeTarget "Tippy" */;
			buildPhases = (
				9B91166624A2DDF000429DC8 /* Sources */,
				9B91166724A2DDF000429DC8 /* Frameworks */,
				9B91166824A2DDF000429DC8 /* Resources */,
			);
			buildRules = (
			);
			dependencies = (
			);
			name = Tippy;
			productName = Tippy;
			productReference = 9B91166A24A2DDF000429DC8 /* Tippy.app */;
			productType = "com.apple.product-type.application";
		};
		9B91168424A2DDF100429DC8 /* TippyTests */ = {
			isa = PBXNativeTarget;
			buildConfigurationList = 9B91169C24A2DDF100429DC8 /* Build configuration list for PBXNativeTarget "TippyTests" */;
			buildPhases = (
				9B91168124A2DDF100429DC8 /* Sources */,
				9B91168224A2DDF100429DC8 /* Frameworks */,
				9B91168324A2DDF100429DC8 /* Resources */,
			);
			buildRules = (
			);
			dependencies = (
				9B91168724A2DDF100429DC8 /* PBXTargetDependency */,
			);
			name = TippyTests;
			productName = TippyTests;
			productReference = 9B91168524A2DDF100429DC8 /* TippyTests.xctest */;
			productType = "com.apple.product-type.bundle.unit-test";
		};
		9B91168F24A2DDF100429DC8 /* TippyUITests */ = {
			isa = PBXNativeTarget;
			buildConfigurationList = 9B91169F24A2DDF100429DC8 /* Build configuration list for PBXNativeTarget "TippyUITests" */;
			buildPhases = (
				9B91168C24A2DDF100429DC8 /* Sources */,
				9B91168D24A2DDF100429DC8 /* Frameworks */,
				9B91168E24A2DDF100429DC8 /* Resources */,
			);
			buildRules = (
			);
			dependencies = (
				9B91169224A2DDF100429DC8 /* PBXTargetDependency */,
			);
			name = TippyUITests;
			productName = TippyUITests;
			productReference = 9B91169024A2DDF100429DC8 /* TippyUITests.xctest */;
			productType = "com.apple.product-type.bundle.ui-testing";
		};
/* End PBXNativeTarget section */

/* Begin PBXProject section */
		9B91166224A2DDF000429DC8 /* Project object */ = {
			isa = PBXProject;
			attributes = {
				LastUpgradeCheck = 1150;
				ORGANIZATIONNAME = "Kaitlyn Gunadhi";
				TargetAttributes = {
					9B91166924A2DDF000429DC8 = {
						CreatedOnToolsVersion = 11.5;
					};
					9B91168424A2DDF100429DC8 = {
						CreatedOnToolsVersion = 11.5;
						TestTargetID = 9B91166924A2DDF000429DC8;
					};
					9B91168F24A2DDF100429DC8 = {
						CreatedOnToolsVersion = 11.5;
						TestTargetID = 9B91166924A2DDF000429DC8;
					};
				};
			};
			buildConfigurationList = 9B91166524A2DDF000429DC8 /* Build configuration list for PBXProject "Tippy" */;
			compatibilityVersion = "Xcode 9.3";
			developmentRegion = en;
			hasScannedForEncodings = 0;
			knownRegions = (
				en,
				Base,
			);
			mainGroup = 9B91166124A2DDF000429DC8;
			productRefGroup = 9B91166B24A2DDF000429DC8 /* Products */;
			projectDirPath = "";
			projectRoot = "";
			targets = (
				9B91166924A2DDF000429DC8 /* Tippy */,
				9B91168424A2DDF100429DC8 /* TippyTests */,
				9B91168F24A2DDF100429DC8 /* TippyUITests */,
			);
		};
/* End PBXProject section */

/* Begin PBXResourcesBuildPhase section */
		9B91166824A2DDF000429DC8 /* Resources */ = {
			isa = PBXResourcesBuildPhase;
			buildActionMask = 2147483647;
			files = (
				9B91167D24A2DDF100429DC8 /* LaunchScreen.storyboard in Resources */,
				9B91167A24A2DDF100429DC8 /* Assets.xcassets in Resources */,
				9B91167824A2DDF000429DC8 /* Main.storyboard in Resources */,
			);
			runOnlyForDeploymentPostprocessing = 0;
		};
		9B91168324A2DDF100429DC8 /* Resources */ = {
			isa = PBXResourcesBuildPhase;
			buildActionMask = 2147483647;
			files = (
			);
			runOnlyForDeploymentPostprocessing = 0;
		};
		9B91168E24A2DDF100429DC8 /* Resources */ = {
			isa = PBXResourcesBuildPhase;
			buildActionMask = 2147483647;
			files = (
			);
			runOnlyForDeploymentPostprocessing = 0;
		};
/* End PBXResourcesBuildPhase section */

/* Begin PBXSourcesBuildPhase section */
		9B91166624A2DDF000429DC8 /* Sources */ = {
			isa = PBXSourcesBuildPhase;
			buildActionMask = 2147483647;
			files = (
				9B91167524A2DDF000429DC8 /* ViewController.m in Sources */,
				9B91166F24A2DDF000429DC8 /* AppDelegate.m in Sources */,
				9B91168024A2DDF100429DC8 /* main.m in Sources */,
				9B91167224A2DDF000429DC8 /* SceneDelegate.m in Sources */,
			);
			runOnlyForDeploymentPostprocessing = 0;
		};
		9B91168124A2DDF100429DC8 /* Sources */ = {
			isa = PBXSourcesBuildPhase;
			buildActionMask = 2147483647;
			files = (
				9B91168A24A2DDF100429DC8 /* TippyTests.m in Sources */,
			);
			runOnlyForDeploymentPostprocessing = 0;
		};
		9B91168C24A2DDF100429DC8 /* Sources */ = {
			isa = PBXSourcesBuildPhase;
			buildActionMask = 2147483647;
			files = (
				9B91169524A2DDF100429DC8 /* TippyUITests.m in Sources */,
			);
			runOnlyForDeploymentPostprocessing = 0;
		};
/* End PBXSourcesBuildPhase section */

/* Begin PBXTargetDependency section */
		9B91168724A2DDF100429DC8 /* PBXTargetDependency */ = {
			isa = PBXTargetDependency;
			target = 9B91166924A2DDF000429DC8 /* Tippy */;
			targetProxy = 9B91168624A2DDF100429DC8 /* PBXContainerItemProxy */;
		};
		9B91169224A2DDF100429DC8 /* PBXTargetDependency */ = {
			isa = PBXTargetDependency;
			target = 9B91166924A2DDF000429DC8 /* Tippy */;
			targetProxy = 9B91169124A2DDF100429DC8 /* PBXContainerItemProxy */;
		};
/* End PBXTargetDependency section */

/* Begin PBXVariantGroup section */
		9B91167624A2DDF000429DC8 /* Main.storyboard */ = {
			isa = PBXVariantGroup;
			children = (
				9B91167724A2DDF000429DC8 /* Base */,
			);
			name = Main.storyboard;
			sourceTree = "<group>";
		};
		9B91167B24A2DDF100429DC8 /* LaunchScreen.storyboard */ = {
			isa = PBXVariantGroup;
			children = (
				9B91167C24A2DDF100429DC8 /* Base */,
			);
			name = LaunchScreen.storyboard;
			sourceTree = "<group>";
		};
/* End PBXVariantGroup section */

/* Begin XCBuildConfiguration section */
		9B91169724A2DDF100429DC8 /* Debug */ = {
			isa = XCBuildConfiguration;
			buildSettings = {
				ALWAYS_SEARCH_USER_PATHS = NO;
				CLANG_ANALYZER_NONNULL = YES;
				CLANG_ANALYZER_NUMBER_OBJECT_CONVERSION = YES_AGGRESSIVE;
				CLANG_CXX_LANGUAGE_STANDARD = "gnu++14";
				CLANG_CXX_LIBRARY = "libc++";
				CLANG_ENABLE_MODULES = YES;
				CLANG_ENABLE_OBJC_ARC = YES;
				CLANG_ENABLE_OBJC_WEAK = YES;
				CLANG_WARN_BLOCK_CAPTURE_AUTORELEASING = YES;
				CLANG_WARN_BOOL_CONVERSION = YES;
				CLANG_WARN_COMMA = YES;
				CLANG_WARN_CONSTANT_CONVERSION = YES;
				CLANG_WARN_DEPRECATED_OBJC_IMPLEMENTATIONS = YES;
				CLANG_WARN_DIRECT_OBJC_ISA_USAGE = YES_ERROR;
				CLANG_WARN_DOCUMENTATION_COMMENTS = YES;
				CLANG_WARN_EMPTY_BODY = YES;
				CLANG_WARN_ENUM_CONVERSION = YES;
				CLANG_WARN_INFINITE_RECURSION = YES;
				CLANG_WARN_INT_CONVERSION = YES;
				CLANG_WARN_NON_LITERAL_NULL_CONVERSION = YES;
				CLANG_WARN_OBJC_IMPLICIT_RETAIN_SELF = YES;
				CLANG_WARN_OBJC_LITERAL_CONVERSION = YES;
				CLANG_WARN_OBJC_ROOT_CLASS = YES_ERROR;
				CLANG_WARN_RANGE_LOOP_ANALYSIS = YES;
				CLANG_WARN_STRICT_PROTOTYPES = YES;
				CLANG_WARN_SUSPICIOUS_MOVE = YES;
				CLANG_WARN_UNGUARDED_AVAILABILITY = YES_AGGRESSIVE;
				CLANG_WARN_UNREACHABLE_CODE = YES;
				CLANG_WARN__DUPLICATE_METHOD_MATCH = YES;
				COPY_PHASE_STRIP = NO;
				DEBUG_INFORMATION_FORMAT = dwarf;
				ENABLE_STRICT_OBJC_MSGSEND = YES;
				ENABLE_TESTABILITY = YES;
				GCC_C_LANGUAGE_STANDARD = gnu11;
				GCC_DYNAMIC_NO_PIC = NO;
				GCC_NO_COMMON_BLOCKS = YES;
				GCC_OPTIMIZATION_LEVEL = 0;
				GCC_PREPROCESSOR_DEFINITIONS = (
					"DEBUG=1",
					"$(inherited)",
				);
				GCC_WARN_64_TO_32_BIT_CONVERSION = YES;
				GCC_WARN_ABOUT_RETURN_TYPE = YES_ERROR;
				GCC_WARN_UNDECLARED_SELECTOR = YES;
				GCC_WARN_UNINITIALIZED_AUTOS = YES_AGGRESSIVE;
				GCC_WARN_UNUSED_FUNCTION = YES;
				GCC_WARN_UNUSED_VARIABLE = YES;
				IPHONEOS_DEPLOYMENT_TARGET = 13.5;
				MTL_ENABLE_DEBUG_INFO = INCLUDE_SOURCE;
				MTL_FAST_MATH = YES;
				ONLY_ACTIVE_ARCH = YES;
				SDKROOT = iphoneos;
			};
			name = Debug;
		};
		9B91169824A2DDF100429DC8 /* Release */ = {
			isa = XCBuildConfiguration;
			buildSettings = {
				ALWAYS_SEARCH_USER_PATHS = NO;
				CLANG_ANALYZER_NONNULL = YES;
				CLANG_ANALYZER_NUMBER_OBJECT_CONVERSION = YES_AGGRESSIVE;
				CLANG_CXX_LANGUAGE_STANDARD = "gnu++14";
				CLANG_CXX_LIBRARY = "libc++";
				CLANG_ENABLE_MODULES = YES;
				CLANG_ENABLE_OBJC_ARC = YES;
				CLANG_ENABLE_OBJC_WEAK = YES;
				CLANG_WARN_BLOCK_CAPTURE_AUTORELEASING = YES;
				CLANG_WARN_BOOL_CONVERSION = YES;
				CLANG_WARN_COMMA = YES;
				CLANG_WARN_CONSTANT_CONVERSION = YES;
				CLANG_WARN_DEPRECATED_OBJC_IMPLEMENTATIONS = YES;
				CLANG_WARN_DIRECT_OBJC_ISA_USAGE = YES_ERROR;
				CLANG_WARN_DOCUMENTATION_COMMENTS = YES;
				CLANG_WARN_EMPTY_BODY = YES;
				CLANG_WARN_ENUM_CONVERSION = YES;
				CLANG_WARN_INFINITE_RECURSION = YES;
				CLANG_WARN_INT_CONVERSION = YES;
				CLANG_WARN_NON_LITERAL_NULL_CONVERSION = YES;
				CLANG_WARN_OBJC_IMPLICIT_RETAIN_SELF = YES;
				CLANG_WARN_OBJC_LITERAL_CONVERSION = YES;
				CLANG_WARN_OBJC_ROOT_CLASS = YES_ERROR;
				CLANG_WARN_RANGE_LOOP_ANALYSIS = YES;
				CLANG_WARN_STRICT_PROTOTYPES = YES;
				CLANG_WARN_SUSPICIOUS_MOVE = YES;
				CLANG_WARN_UNGUARDED_AVAILABILITY = YES_AGGRESSIVE;
				CLANG_WARN_UNREACHABLE_CODE = YES;
				CLANG_WARN__DUPLICATE_METHOD_MATCH = YES;
				COPY_PHASE_STRIP = NO;
				DEBUG_INFORMATION_FORMAT = "dwarf-with-dsym";
				ENABLE_NS_ASSERTIONS = NO;
				ENABLE_STRICT_OBJC_MSGSEND = YES;
				GCC_C_LANGUAGE_STANDARD = gnu11;
				GCC_NO_COMMON_BLOCKS = YES;
				GCC_WARN_64_TO_32_BIT_CONVERSION = YES;
				GCC_WARN_ABOUT_RETURN_TYPE = YES_ERROR;
				GCC_WARN_UNDECLARED_SELECTOR = YES;
				GCC_WARN_UNINITIALIZED_AUTOS = YES_AGGRESSIVE;
				GCC_WARN_UNUSED_FUNCTION = YES;
				GCC_WARN_UNUSED_VARIABLE = YES;
				IPHONEOS_DEPLOYMENT_TARGET = 13.5;
				MTL_ENABLE_DEBUG_INFO = NO;
				MTL_FAST_MATH = YES;
				SDKROOT = iphoneos;
				VALIDATE_PRODUCT = YES;
			};
			name = Release;
		};
		9B91169A24A2DDF100429DC8 /* Debug */ = {
			isa = XCBuildConfiguration;
			buildSettings = {
				ASSETCATALOG_COMPILER_APPICON_NAME = AppIcon;
				CODE_SIGN_STYLE = Automatic;
				DEVELOPMENT_TEAM = N35H8KJ48M;
				INFOPLIST_FILE = Tippy/Info.plist;
				LD_RUNPATH_SEARCH_PATHS = (
					"$(inherited)",
					"@executable_path/Frameworks",
				);
				PRODUCT_BUNDLE_IDENTIFIER = com.kgunadhi.Tippy;
				PRODUCT_NAME = "$(TARGET_NAME)";
				TARGETED_DEVICE_FAMILY = "1,2";
			};
			name = Debug;
		};
		9B91169B24A2DDF100429DC8 /* Release */ = {
			isa = XCBuildConfiguration;
			buildSettings = {
				ASSETCATALOG_COMPILER_APPICON_NAME = AppIcon;
				CODE_SIGN_STYLE = Automatic;
				DEVELOPMENT_TEAM = N35H8KJ48M;
				INFOPLIST_FILE = Tippy/Info.plist;
				LD_RUNPATH_SEARCH_PATHS = (
					"$(inherited)",
					"@executable_path/Frameworks",
				);
				PRODUCT_BUNDLE_IDENTIFIER = com.kgunadhi.Tippy;
				PRODUCT_NAME = "$(TARGET_NAME)";
				TARGETED_DEVICE_FAMILY = "1,2";
			};
			name = Release;
		};
		9B91169D24A2DDF100429DC8 /* Debug */ = {
			isa = XCBuildConfiguration;
			buildSettings = {
				BUNDLE_LOADER = "$(TEST_HOST)";
				CODE_SIGN_STYLE = Automatic;
				DEVELOPMENT_TEAM = N35H8KJ48M;
				INFOPLIST_FILE = TippyTests/Info.plist;
				IPHONEOS_DEPLOYMENT_TARGET = 13.5;
				LD_RUNPATH_SEARCH_PATHS = (
					"$(inherited)",
					"@executable_path/Frameworks",
					"@loader_path/Frameworks",
				);
				PRODUCT_BUNDLE_IDENTIFIER = com.kgunadhi.TippyTests;
				PRODUCT_NAME = "$(TARGET_NAME)";
				TARGETED_DEVICE_FAMILY = "1,2";
				TEST_HOST = "$(BUILT_PRODUCTS_DIR)/Tippy.app/Tippy";
			};
			name = Debug;
		};
		9B91169E24A2DDF100429DC8 /* Release */ = {
			isa = XCBuildConfiguration;
			buildSettings = {
				BUNDLE_LOADER = "$(TEST_HOST)";
				CODE_SIGN_STYLE = Automatic;
				DEVELOPMENT_TEAM = N35H8KJ48M;
				INFOPLIST_FILE = TippyTests/Info.plist;
				IPHONEOS_DEPLOYMENT_TARGET = 13.5;
				LD_RUNPATH_SEARCH_PATHS = (
					"$(inherited)",
					"@executable_path/Frameworks",
					"@loader_path/Frameworks",
				);
				PRODUCT_BUNDLE_IDENTIFIER = com.kgunadhi.TippyTests;
				PRODUCT_NAME = "$(TARGET_NAME)";
				TARGETED_DEVICE_FAMILY = "1,2";
				TEST_HOST = "$(BUILT_PRODUCTS_DIR)/Tippy.app/Tippy";
			};
			name = Release;
		};
		9B9116A024A2DDF100429DC8 /* Debug */ = {
			isa = XCBuildConfiguration;
			buildSettings = {
				CODE_SIGN_STYLE = Automatic;
				DEVELOPMENT_TEAM = N35H8KJ48M;
				INFOPLIST_FILE = TippyUITests/Info.plist;
				LD_RUNPATH_SEARCH_PATHS = (
					"$(inherited)",
					"@executable_path/Frameworks",
					"@loader_path/Frameworks",
				);
				PRODUCT_BUNDLE_IDENTIFIER = com.kgunadhi.TippyUITests;
				PRODUCT_NAME = "$(TARGET_NAME)";
				TARGETED_DEVICE_FAMILY = "1,2";
				TEST_TARGET_NAME = Tippy;
			};
			name = Debug;
		};
		9B9116A124A2DDF100429DC8 /* Release */ = {
			isa = XCBuildConfiguration;
			buildSettings = {
				CODE_SIGN_STYLE = Automatic;
				DEVELOPMENT_TEAM = N35H8KJ48M;
				INFOPLIST_FILE = TippyUITests/Info.plist;
				LD_RUNPATH_SEARCH_PATHS = (
					"$(inherited)",
					"@executable_path/Frameworks",
					"@loader_path/Frameworks",
				);
				PRODUCT_BUNDLE_IDENTIFIER = com.kgunadhi.TippyUITests;
				PRODUCT_NAME = "$(TARGET_NAME)";
				TARGETED_DEVICE_FAMILY = "1,2";
				TEST_TARGET_NAME = Tippy;
			};
			name = Release;
		};
/* End XCBuildConfiguration section */

/* Begin XCConfigurationList section */
		9B91166524A2DDF000429DC8 /* Build configuration list for PBXProject "Tippy" */ = {
			isa = XCConfigurationList;
			buildConfigurations = (
				9B91169724A2DDF100429DC8 /* Debug */,
				9B91169824A2DDF100429DC8 /* Release */,
			);
			defaultConfigurationIsVisible = 0;
			defaultConfigurationName = Release;
		};
		9B91169924A2DDF100429DC8 /* Build configuration list for PBXNativeTarget "Tippy" */ = {
			isa = XCConfigurationList;
			buildConfigurations = (
				9B91169A24A2DDF100429DC8 /* Debug */,
				9B91169B24A2DDF100429DC8 /* Release */,
			);
			defaultConfigurationIsVisible = 0;
			defaultConfigurationName = Release;
		};
		9B91169C24A2DDF100429DC8 /* Build configuration list for PBXNativeTarget "TippyTests" */ = {
			isa = XCConfigurationList;
			buildConfigurations = (
				9B91169D24A2DDF100429DC8 /* Debug */,
				9B91169E24A2DDF100429DC8 /* Release */,
			);
			defaultConfigurationIsVisible = 0;
			defaultConfigurationName = Release;
		};
		9B91169F24A2DDF100429DC8 /* Build configuration list for PBXNativeTarget "TippyUITests" */ = {
			isa = XCConfigurationList;
			buildConfigurations = (
				9B9116A024A2DDF100429DC8 /* Debug */,
				9B9116A124A2DDF100429DC8 /* Release */,
			);
			defaultConfigurationIsVisible = 0;
			defaultConfigurationName = Release;
		};
/* End XCConfigurationList section */
	};
	rootObject = 9B91166224A2DDF000429DC8 /* Project object */;
}
